{
  "name": "portfolio",
  "version": "1.0.0",
  "lockfileVersion": 3,
  "requires": true,
  "packages": {
    "": {
      "name": "portfolio",
      "version": "1.0.0",
      "license": "ISC",
      "dependencies": {
        "total4": "^0.0.95",
        "total5": "^0.0.1-43"
      }
    },
    "node_modules/total4": {
      "version": "0.0.95",
      "resolved": "https://registry.npmjs.org/total4/-/total4-0.0.95.tgz",
      "integrity": "sha512-nYO7UEp4dl3NJiYZUn9WyhPuHUIE482Ztg9tyWyAATF06C0HLp7lHY11Zp6aEOFqPhJZoNUwfKFGXAt/MUPUTA==",
      "bin": {
        "total4": "bin/total4"
      }
    },
    "node_modules/total5": {
      "version": "0.0.1-43",
      "resolved": "https://registry.npmjs.org/total5/-/total5-0.0.1-43.tgz",
      "integrity": "sha512-pp1KwoMhB8fOlr6SJxyPzRdTu1m+5zz1Ix75PFq63OwJQdYSjGWAq77rOM/9sft63gIs3J/TwX9W7vZC5eZ1YA==",
      "bin": {
        "total5": "bin/total5"
      }
    }
  }
}
